github.com/danielgtaylor/huma/v2 v2.34.1 h1:EmOJAbzEGfy0wAq/QMQ1YKfEMBEfE94xdBRLPBP0gwQ=
github.com/danielgtaylor/huma/v2 v2.34.1/go.mod h1:ynwJgLk8iGVgoaipi5tgwIQ5yoFNmiu+QdhU7CEEmhk=
github.com/tylerolson/wfm-plat-efficiency v0.3.2 h1:ZmSrZVs6Z7aGLFoFYrSkU1EiMverH/PNraY4zgvfkjE=
github.com/tylerolson/wfm-plat-efficiency v0.3.2/go.mod h1:0LqBKgQFcgrKfg42Wg4Mx5xO9w855dqU7jR4LjDIdG8=
github.com/tylerolson/wfm-plat-efficiency v0.3.3 h1:dIc749yBtGqB8Dvu0nYFZOovtwIIBaDrc1UcbpKUZUc=
github.com/tylerolson/wfm-plat-efficiency v0.3.3/go.mod h1:0LqBKgQFcgrKfg42Wg4Mx5xO9w855dqU7jR4LjDIdG8=
